
Microsoft Visual Studio Solution File, Format Version 12.00
# Visual Studio Version 16
VisualStudioVersion = 16.0.31729.503
MinimumVisualStudioVersion = 10.0.40219.1
Project("{9A19103F-16F7-4668-BE54-9A1E7A4F7556}") = "TestClient", "TestClient\TestClient.csproj", "{61ACBD80-9778-4E6A-85CA-C61A2C706B16}"
EndProject
Global
	GlobalSection(SolutionConfigurationPlatforms) = preSolution
		Debug|Any CPU = Debug|Any CPU
		Release|Any CPU = Release|Any CPU
	EndGlobalSection
	GlobalSection(ProjectConfigurationPlatforms) = postSolution
		{61ACBD80-9778-4E6A-85CA-C61A2C706B16}.Debug|Any CPU.ActiveCfg = Debug|Any CPU
		{61ACBD80-9778-4E6A-85CA-C61A2C706B16}.Debug|Any CPU.Build.0 = Debug|Any CPU
		{61ACBD80-9778-4E6A-85CA-C61A2C706B16}.Release|Any CPU.ActiveCfg = Release|Any CPU
		{61ACBD80-9778-4E6A-85CA-C61A2C706B16}.Release|Any CPU.Build.0 = Release|Any CPU
	EndGlobalSection
	GlobalSection(SolutionProperties) = preSolution
		HideSolutionNode = FALSE
	EndGlobalSection
	GlobalSection(ExtensibilityGlobals) = postSolution
		SolutionGuid = {B185FFF2-2406-4D8B-9783-9405BA14B453}
	EndGlobalSection
EndGlobal
